
Microsoft Visual Studio Solution File, Format Version 12.00
# Visual Studio Version 16
VisualStudioVersion = 16.0.31613.86
MinimumVisualStudioVersion = 10.0.40219.1
Project("{FAE04EC0-301F-11D3-BF4B-00C04F79EFBC}") = "ContohRestApi", "ContohRestApi\ContohRestApi.csproj", "{05E83343-62FA-412C-BED7-336B3EFEFB42}"
EndProject
Global
	GlobalSection(SolutionConfigurationPlatforms) = preSolution
		Debug|Any CPU = Debug|Any CPU
		Release|Any CPU = Release|Any CPU
	EndGlobalSection
	GlobalSection(ProjectConfigurationPlatforms) = postSolution
		{05E83343-62FA-412C-BED7-336B3EFEFB42}.Debug|Any CPU.ActiveCfg = Debug|Any CPU
		{05E83343-62FA-412C-BED7-336B3EFEFB42}.Debug|Any CPU.Build.0 = Debug|Any CPU
		{05E83343-62FA-412C-BED7-336B3EFEFB42}.Release|Any CPU.ActiveCfg = Release|Any CPU
		{05E83343-62FA-412C-BED7-336B3EFEFB42}.Release|Any CPU.Build.0 = Release|Any CPU
	EndGlobalSection
	GlobalSection(SolutionProperties) = preSolution
		HideSolutionNode = FALSE
	EndGlobalSection
	GlobalSection(ExtensibilityGlobals) = postSolution
		SolutionGuid = {C9AAC4D2-D7D3-4B2F-A3C9-EA3351DC7025}
	EndGlobalSection
EndGlobal
